
Microsoft Visual Studio Solution File, Format Version 12.00
# Visual Studio Version 16
VisualStudioVersion = 16.0.30114.105
MinimumVisualStudioVersion = 10.0.40219.1
Project("{2150E333-8FDC-42A3-9474-1A3956D46DE8}") = "src", "src", "{E066E9C1-0E8A-4AFB-8D97-CF0B43D274C3}"
EndProject
Project("{F2A71F9B-5D33-465A-A702-920D77279786}") = "Chapter02", "src\Chapter02\Chapter02.fsproj", "{C31E4EA6-1D53-420B-B832-84EE4D9C61A8}"
EndProject
Project("{F2A71F9B-5D33-465A-A702-920D77279786}") = "Chapter03", "src\Chapter03\Chapter03.fsproj", "{7A68510B-64C4-467C-B728-EEB88A90ECEA}"
EndProject
Project("{F2A71F9B-5D33-465A-A702-920D77279786}") = "Chapter05", "src\Chapter05\Chapter05.fsproj", "{17A734A2-1AB1-467A-9ED9-91F170197A56}"
EndProject
Global
	GlobalSection(SolutionConfigurationPlatforms) = preSolution
		Debug|Any CPU = Debug|Any CPU
		Debug|x64 = Debug|x64
		Debug|x86 = Debug|x86
		Release|Any CPU = Release|Any CPU
		Release|x64 = Release|x64
		Release|x86 = Release|x86
	EndGlobalSection
	GlobalSection(SolutionProperties) = preSolution
		HideSolutionNode = FALSE
	EndGlobalSection
	GlobalSection(ProjectConfigurationPlatforms) = postSolution
		{C31E4EA6-1D53-420B-B832-84EE4D9C61A8}.Debug|Any CPU.ActiveCfg = Debug|Any CPU
		{C31E4EA6-1D53-420B-B832-84EE4D9C61A8}.Debug|Any CPU.Build.0 = Debug|Any CPU
		{C31E4EA6-1D53-420B-B832-84EE4D9C61A8}.Debug|x64.ActiveCfg = Debug|Any CPU
		{C31E4EA6-1D53-420B-B832-84EE4D9C61A8}.Debug|x64.Build.0 = Debug|Any CPU
		{C31E4EA6-1D53-420B-B832-84EE4D9C61A8}.Debug|x86.ActiveCfg = Debug|Any CPU
		{C31E4EA6-1D53-420B-B832-84EE4D9C61A8}.Debug|x86.Build.0 = Debug|Any CPU
		{C31E4EA6-1D53-420B-B832-84EE4D9C61A8}.Release|Any CPU.ActiveCfg = Release|Any CPU
		{C31E4EA6-1D53-420B-B832-84EE4D9C61A8}.Release|Any CPU.Build.0 = Release|Any CPU
		{C31E4EA6-1D53-420B-B832-84EE4D9C61A8}.Release|x64.ActiveCfg = Release|Any CPU
		{C31E4EA6-1D53-420B-B832-84EE4D9C61A8}.Release|x64.Build.0 = Release|Any CPU
		{C31E4EA6-1D53-420B-B832-84EE4D9C61A8}.Release|x86.ActiveCfg = Release|Any CPU
		{C31E4EA6-1D53-420B-B832-84EE4D9C61A8}.Release|x86.Build.0 = Release|Any CPU
		{7A68510B-64C4-467C-B728-EEB88A90ECEA}.Debug|Any CPU.ActiveCfg = Debug|Any CPU
		{7A68510B-64C4-467C-B728-EEB88A90ECEA}.Debug|Any CPU.Build.0 = Debug|Any CPU
		{7A68510B-64C4-467C-B728-EEB88A90ECEA}.Debug|x64.ActiveCfg = Debug|Any CPU
		{7A68510B-64C4-467C-B728-EEB88A90ECEA}.Debug|x64.Build.0 = Debug|Any CPU
		{7A68510B-64C4-467C-B728-EEB88A90ECEA}.Debug|x86.ActiveCfg = Debug|Any CPU
		{7A68510B-64C4-467C-B728-EEB88A90ECEA}.Debug|x86.Build.0 = Debug|Any CPU
		{7A68510B-64C4-467C-B728-EEB88A90ECEA}.Release|Any CPU.ActiveCfg = Release|Any CPU
		{7A68510B-64C4-467C-B728-EEB88A90ECEA}.Release|Any CPU.Build.0 = Release|Any CPU
		{7A68510B-64C4-467C-B728-EEB88A90ECEA}.Release|x64.ActiveCfg = Release|Any CPU
		{7A68510B-64C4-467C-B728-EEB88A90ECEA}.Release|x64.Build.0 = Release|Any CPU
		{7A68510B-64C4-467C-B728-EEB88A90ECEA}.Release|x86.ActiveCfg = Release|Any CPU
		{7A68510B-64C4-467C-B728-EEB88A90ECEA}.Release|x86.Build.0 = Release|Any CPU
		{17A734A2-1AB1-467A-9ED9-91F170197A56}.Debug|Any CPU.ActiveCfg = Debug|Any CPU
		{17A734A2-1AB1-467A-9ED9-91F170197A56}.Debug|Any CPU.Build.0 = Debug|Any CPU
		{17A734A2-1AB1-467A-9ED9-91F170197A56}.Debug|x64.ActiveCfg = Debug|Any CPU
		{17A734A2-1AB1-467A-9ED9-91F170197A56}.Debug|x64.Build.0 = Debug|Any CPU
		{17A734A2-1AB1-467A-9ED9-91F170197A56}.Debug|x86.ActiveCfg = Debug|Any CPU
		{17A734A2-1AB1-467A-9ED9-91F170197A56}.Debug|x86.Build.0 = Debug|Any CPU
		{17A734A2-1AB1-467A-9ED9-91F170197A56}.Release|Any CPU.ActiveCfg = Release|Any CPU
		{17A734A2-1AB1-467A-9ED9-91F170197A56}.Release|Any CPU.Build.0 = Release|Any CPU
		{17A734A2-1AB1-467A-9ED9-91F170197A56}.Release|x64.ActiveCfg = Release|Any CPU
		{17A734A2-1AB1-467A-9ED9-91F170197A56}.Release|x64.Build.0 = Release|Any CPU
		{17A734A2-1AB1-467A-9ED9-91F170197A56}.Release|x86.ActiveCfg = Release|Any CPU
		{17A734A2-1AB1-467A-9ED9-91F170197A56}.Release|x86.Build.0 = Release|Any CPU
	EndGlobalSection
	GlobalSection(NestedProjects) = preSolution
		{C31E4EA6-1D53-420B-B832-84EE4D9C61A8} = {E066E9C1-0E8A-4AFB-8D97-CF0B43D274C3}
		{7A68510B-64C4-467C-B728-EEB88A90ECEA} = {E066E9C1-0E8A-4AFB-8D97-CF0B43D274C3}
		{17A734A2-1AB1-467A-9ED9-91F170197A56} = {E066E9C1-0E8A-4AFB-8D97-CF0B43D274C3}
	EndGlobalSection
EndGlobal
